
Microsoft Visual Studio Solution File, Format Version 12.00
# Visual Studio Version 17
VisualStudioVersion = 17.11.35327.3
MinimumVisualStudioVersion = 10.0.40219.1
Project("{9A19103F-16F7-4668-BE54-9A1E7A4F7556}") = "MyMusicWeb", "MyMusicWeb\MyMusicWeb.csproj", "{49A8C42C-4BE1-4F8A-8778-E6A029549726}"
EndProject
Project("{9A19103F-16F7-4668-BE54-9A1E7A4F7556}") = "MyMusicWebData", "MyMusicWebData\MyMusicWebData.csproj", "{9728C9BA-1EC4-4D82-B04F-209DC306FF18}"
EndProject
Project("{9A19103F-16F7-4668-BE54-9A1E7A4F7556}") = "MyMusicWebDataModels", "MyMusicWebDataModels\MyMusicWebDataModels.csproj", "{6C069084-1C11-43B0-B9D6-087EB30AA2B1}"
EndProject
Project("{9A19103F-16F7-4668-BE54-9A1E7A4F7556}") = "MyMusicWebViewModels", "MyMusicWebViewModels\MyMusicWebViewModels.csproj", "{2AF046EA-83E5-4368-8734-9C3E34520059}"
EndProject
Project("{2150E333-8FDC-42A3-9474-1A3956D46DE8}") = "Data", "Data", "{2975D262-1B99-4EA1-A960-DD870B0326E0}"
EndProject
Project("{2150E333-8FDC-42A3-9474-1A3956D46DE8}") = "Web", "Web", "{34553598-1A62-43F5-BF18-913D1AD1A423}"
EndProject
Project("{9A19103F-16F7-4668-BE54-9A1E7A4F7556}") = "MyMusicWeb.Common", "MyMusicWeb.Common\MyMusicWeb.Common.csproj", "{E5621A60-9704-44A1-B7CA-B2EC7580AFF2}"
EndProject
Project("{9A19103F-16F7-4668-BE54-9A1E7A4F7556}") = "MyMusicWeb.Infrastructure", "MyMusicWeb.Infrastructure\MyMusicWeb.Infrastructure.csproj", "{338AF0A5-D09F-4500-81EF-74B5808FF37A}"
EndProject
Project("{9A19103F-16F7-4668-BE54-9A1E7A4F7556}") = "MyMusicWeb.Services.Data", "MyMusicWeb.Services.Data\MyMusicWeb.Services.Data.csproj", "{BF8AC1CB-B24F-4A12-BB44-FFC763761F1E}"
EndProject
Project("{9A19103F-16F7-4668-BE54-9A1E7A4F7556}") = "MyMusicWeb.Services.Mapping", "MyMusicWeb.Services.Mapping\MyMusicWeb.Services.Mapping.csproj", "{A2529AA9-810C-4B34-992E-1CC2086DBA3E}"
EndProject
Project("{2150E333-8FDC-42A3-9474-1A3956D46DE8}") = "Services", "Services", "{C66A3F76-842E-4512-B6EB-5D17141A5B2D}"
EndProject
Project("{FAE04EC0-301F-11D3-BF4B-00C04F79EFBC}") = "MyMusicWeb.WebApi", "MyMusicWeb.WebApi\MyMusicWeb.WebApi.csproj", "{DC6AAA01-81C9-4AA8-9833-D82C3D7D2E12}"
EndProject
Global
	GlobalSection(SolutionConfigurationPlatforms) = preSolution
		Debug|Any CPU = Debug|Any CPU
		Release|Any CPU = Release|Any CPU
	EndGlobalSection
	GlobalSection(ProjectConfigurationPlatforms) = postSolution
		{49A8C42C-4BE1-4F8A-8778-E6A029549726}.Debug|Any CPU.ActiveCfg = Debug|Any CPU
		{49A8C42C-4BE1-4F8A-8778-E6A029549726}.Debug|Any CPU.Build.0 = Debug|Any CPU
		{49A8C42C-4BE1-4F8A-8778-E6A029549726}.Release|Any CPU.ActiveCfg = Release|Any CPU
		{49A8C42C-4BE1-4F8A-8778-E6A029549726}.Release|Any CPU.Build.0 = Release|Any CPU
		{9728C9BA-1EC4-4D82-B04F-209DC306FF18}.Debug|Any CPU.ActiveCfg = Debug|Any CPU
		{9728C9BA-1EC4-4D82-B04F-209DC306FF18}.Debug|Any CPU.Build.0 = Debug|Any CPU
		{9728C9BA-1EC4-4D82-B04F-209DC306FF18}.Release|Any CPU.ActiveCfg = Release|Any CPU
		{9728C9BA-1EC4-4D82-B04F-209DC306FF18}.Release|Any CPU.Build.0 = Release|Any CPU
		{6C069084-1C11-43B0-B9D6-087EB30AA2B1}.Debug|Any CPU.ActiveCfg = Debug|Any CPU
		{6C069084-1C11-43B0-B9D6-087EB30AA2B1}.Debug|Any CPU.Build.0 = Debug|Any CPU
		{6C069084-1C11-43B0-B9D6-087EB30AA2B1}.Release|Any CPU.ActiveCfg = Release|Any CPU
		{6C069084-1C11-43B0-B9D6-087EB30AA2B1}.Release|Any CPU.Build.0 = Release|Any CPU
		{2AF046EA-83E5-4368-8734-9C3E34520059}.Debug|Any CPU.ActiveCfg = Debug|Any CPU
		{2AF046EA-83E5-4368-8734-9C3E34520059}.Debug|Any CPU.Build.0 = Debug|Any CPU
		{2AF046EA-83E5-4368-8734-9C3E34520059}.Release|Any CPU.ActiveCfg = Release|Any CPU
		{2AF046EA-83E5-4368-8734-9C3E34520059}.Release|Any CPU.Build.0 = Release|Any CPU
		{E5621A60-9704-44A1-B7CA-B2EC7580AFF2}.Debug|Any CPU.ActiveCfg = Debug|Any CPU
		{E5621A60-9704-44A1-B7CA-B2EC7580AFF2}.Debug|Any CPU.Build.0 = Debug|Any CPU
		{E5621A60-9704-44A1-B7CA-B2EC7580AFF2}.Release|Any CPU.ActiveCfg = Release|Any CPU
		{E5621A60-9704-44A1-B7CA-B2EC7580AFF2}.Release|Any CPU.Build.0 = Release|Any CPU
		{338AF0A5-D09F-4500-81EF-74B5808FF37A}.Debug|Any CPU.ActiveCfg = Debug|Any CPU
		{338AF0A5-D09F-4500-81EF-74B5808FF37A}.Debug|Any CPU.Build.0 = Debug|Any CPU
		{338AF0A5-D09F-4500-81EF-74B5808FF37A}.Release|Any CPU.ActiveCfg = Release|Any CPU
		{338AF0A5-D09F-4500-81EF-74B5808FF37A}.Release|Any CPU.Build.0 = Release|Any CPU
		{BF8AC1CB-B24F-4A12-BB44-FFC763761F1E}.Debug|Any CPU.ActiveCfg = Debug|Any CPU
		{BF8AC1CB-B24F-4A12-BB44-FFC763761F1E}.Debug|Any CPU.Build.0 = Debug|Any CPU
		{BF8AC1CB-B24F-4A12-BB44-FFC763761F1E}.Release|Any CPU.ActiveCfg = Release|Any CPU
		{BF8AC1CB-B24F-4A12-BB44-FFC763761F1E}.Release|Any CPU.Build.0 = Release|Any CPU
		{A2529AA9-810C-4B34-992E-1CC2086DBA3E}.Debug|Any CPU.ActiveCfg = Debug|Any CPU
		{A2529AA9-810C-4B34-992E-1CC2086DBA3E}.Debug|Any CPU.Build.0 = Debug|Any CPU
		{A2529AA9-810C-4B34-992E-1CC2086DBA3E}.Release|Any CPU.ActiveCfg = Release|Any CPU
		{A2529AA9-810C-4B34-992E-1CC2086DBA3E}.Release|Any CPU.Build.0 = Release|Any CPU
		{DC6AAA01-81C9-4AA8-9833-D82C3D7D2E12}.Debug|Any CPU.ActiveCfg = Debug|Any CPU
		{DC6AAA01-81C9-4AA8-9833-D82C3D7D2E12}.Debug|Any CPU.Build.0 = Debug|Any CPU
		{DC6AAA01-81C9-4AA8-9833-D82C3D7D2E12}.Release|Any CPU.ActiveCfg = Release|Any CPU
		{DC6AAA01-81C9-4AA8-9833-D82C3D7D2E12}.Release|Any CPU.Build.0 = Release|Any CPU
	EndGlobalSection
	GlobalSection(SolutionProperties) = preSolution
		HideSolutionNode = FALSE
	EndGlobalSection
	GlobalSection(NestedProjects) = preSolution
		{49A8C42C-4BE1-4F8A-8778-E6A029549726} = {34553598-1A62-43F5-BF18-913D1AD1A423}
		{9728C9BA-1EC4-4D82-B04F-209DC306FF18} = {2975D262-1B99-4EA1-A960-DD870B0326E0}
		{6C069084-1C11-43B0-B9D6-087EB30AA2B1} = {2975D262-1B99-4EA1-A960-DD870B0326E0}
		{2AF046EA-83E5-4368-8734-9C3E34520059} = {34553598-1A62-43F5-BF18-913D1AD1A423}
		{BF8AC1CB-B24F-4A12-BB44-FFC763761F1E} = {C66A3F76-842E-4512-B6EB-5D17141A5B2D}
		{A2529AA9-810C-4B34-992E-1CC2086DBA3E} = {C66A3F76-842E-4512-B6EB-5D17141A5B2D}
	EndGlobalSection
	GlobalSection(ExtensibilityGlobals) = postSolution
		SolutionGuid = {93A704EC-6207-4A41-9769-1A1FC13F606E}
	EndGlobalSection
EndGlobal
